// !$*UTF8*$!
{
	archiveVersion = 1;
	classes = {
	};
	objectVersion = 50;
	objects = {

/* Begin PBXBuildFile section */
		551DEE59226327C400173DC2 /* AppDelegate.swift in Sources */ = {isa = PBXBuildFile; fileRef = 551DEE58226327C400173DC2 /* AppDelegate.swift */; };
		551DEE5E226327C400173DC2 /* Main.storyboard in Resources */ = {isa = PBXBuildFile; fileRef = 551DEE5C226327C400173DC2 /* Main.storyboard */; };
		551DEE60226327C600173DC2 /* Assets.xcassets in Resources */ = {isa = PBXBuildFile; fileRef = 551DEE5F226327C600173DC2 /* Assets.xcassets */; };
		551DEE63226327C600173DC2 /* LaunchScreen.storyboard in Resources */ = {isa = PBXBuildFile; fileRef = 551DEE61226327C600173DC2 /* LaunchScreen.storyboard */; };
		551DEE7D22632EE000173DC2 /* ToDoItem.swift in Sources */ = {isa = PBXBuildFile; fileRef = 551DEE7C22632EE000173DC2 /* ToDoItem.swift */; };
		551DEE822263351E00173DC2 /* Location.swift in Sources */ = {isa = PBXBuildFile; fileRef = 551DEE812263351E00173DC2 /* Location.swift */; };
		551DEE85226337B800173DC2 /* ToDoItemTests.swift in Sources */ = {isa = PBXBuildFile; fileRef = 551DEE84226337B800173DC2 /* ToDoItemTests.swift */; };
		551DEE872263382D00173DC2 /* LocationTests.swift in Sources */ = {isa = PBXBuildFile; fileRef = 551DEE862263382D00173DC2 /* LocationTests.swift */; };
		551DEE8922633B7300173DC2 /* ItemManagerTests.swift in Sources */ = {isa = PBXBuildFile; fileRef = 551DEE8822633B7300173DC2 /* ItemManagerTests.swift */; };
		551DEE8B22633CA000173DC2 /* ItemManager.swift in Sources */ = {isa = PBXBuildFile; fileRef = 551DEE8A22633CA000173DC2 /* ItemManager.swift */; };
		55F239DB22812CCA0042C283 /* ItemListViewControllerTests.swift in Sources */ = {isa = PBXBuildFile; fileRef = 55F239DA22812CCA0042C283 /* ItemListViewControllerTests.swift */; };
		55F239DD22812D2E0042C283 /* ItemListViewController.swift in Sources */ = {isa = PBXBuildFile; fileRef = 55F239DC22812D2D0042C283 /* ItemListViewController.swift */; };
		55F239DF22814A270042C283 /* ItemListDataProvider.swift in Sources */ = {isa = PBXBuildFile; fileRef = 55F239DE22814A270042C283 /* ItemListDataProvider.swift */; };
/* End PBXBuildFile section */

/* Begin PBXContainerItemProxy section */
		551DEE6A226327C600173DC2 /* PBXContainerItemProxy */ = {
			isa = PBXContainerItemProxy;
			containerPortal = 551DEE4D226327C400173DC2 /* Project object */;
			proxyType = 1;
			remoteGlobalIDString = 551DEE54226327C400173DC2;
			remoteInfo = ToDoTDD;
		};
/* End PBXContainerItemProxy section */

/* Begin PBXFileReference section */
		551DEE55226327C400173DC2 /* ToDoTDD.app */ = {isa = PBXFileReference; explicitFileType = wrapper.application; includeInIndex = 0; path = ToDoTDD.app; sourceTree = BUILT_PRODUCTS_DIR; };
		551DEE58226327C400173DC2 /* AppDelegate.swift */ = {isa = PBXFileReference; lastKnownFileType = sourcecode.swift; path = AppDelegate.swift; sourceTree = "<group>"; };
		551DEE5D226327C400173DC2 /* Base */ = {isa = PBXFileReference; lastKnownFileType = file.storyboard; name = Base; path = Base.lproj/Main.storyboard; sourceTree = "<group>"; };
		551DEE5F226327C600173DC2 /* Assets.xcassets */ = {isa = PBXFileReference; lastKnownFileType = folder.assetcatalog; path = Assets.xcassets; sourceTree = "<group>"; };
		551DEE62226327C600173DC2 /* Base */ = {isa = PBXFileReference; lastKnownFileType = file.storyboard; name = Base; path = Base.lproj/LaunchScreen.storyboard; sourceTree = "<group>"; };
		551DEE64226327C600173DC2 /* Info.plist */ = {isa = PBXFileReference; lastKnownFileType = text.plist.xml; path = Info.plist; sourceTree = "<group>"; };
		551DEE69226327C600173DC2 /* ToDoTDDTests.xctest */ = {isa = PBXFileReference; explicitFileType = wrapper.cfbundle; includeInIndex = 0; path = ToDoTDDTests.xctest; sourceTree = BUILT_PRODUCTS_DIR; };
		551DEE6F226327C600173DC2 /* Info.plist */ = {isa = PBXFileReference; lastKnownFileType = text.plist.xml; path = Info.plist; sourceTree = "<group>"; };
		551DEE7C22632EE000173DC2 /* ToDoItem.swift */ = {isa = PBXFileReference; lastKnownFileType = sourcecode.swift; path = ToDoItem.swift; sourceTree = "<group>"; };
		551DEE812263351E00173DC2 /* Location.swift */ = {isa = PBXFileReference; lastKnownFileType = sourcecode.swift; path = Location.swift; sourceTree = "<group>"; };
		551DEE84226337B800173DC2 /* ToDoItemTests.swift */ = {isa = PBXFileReference; fileEncoding = 4; lastKnownFileType = sourcecode.swift; path = ToDoItemTests.swift; sourceTree = "<group>"; };
		551DEE862263382D00173DC2 /* LocationTests.swift */ = {isa = PBXFileReference; lastKnownFileType = sourcecode.swift; path = LocationTests.swift; sourceTree = "<group>"; };
		551DEE8822633B7300173DC2 /* ItemManagerTests.swift */ = {isa = PBXFileReference; lastKnownFileType = sourcecode.swift; path = ItemManagerTests.swift; sourceTree = "<group>"; };
		551DEE8A22633CA000173DC2 /* ItemManager.swift */ = {isa = PBXFileReference; lastKnownFileType = sourcecode.swift; path = ItemManager.swift; sourceTree = "<group>"; };
		55F239DA22812CCA0042C283 /* ItemListViewControllerTests.swift */ = {isa = PBXFileReference; lastKnownFileType = sourcecode.swift; path = ItemListViewControllerTests.swift; sourceTree = "<group>"; };
		55F239DC22812D2D0042C283 /* ItemListViewController.swift */ = {isa = PBXFileReference; lastKnownFileType = sourcecode.swift; path = ItemListViewController.swift; sourceTree = "<group>"; };
		55F239DE22814A270042C283 /* ItemListDataProvider.swift */ = {isa = PBXFileReference; lastKnownFileType = sourcecode.swift; path = ItemListDataProvider.swift; sourceTree = "<group>"; };
/* End PBXFileReference section */

/* Begin PBXFrameworksBuildPhase section */
		551DEE52226327C400173DC2 /* Frameworks */ = {
			isa = PBXFrameworksBuildPhase;
			buildActionMask = 2147483647;
			files = (
			);
			runOnlyForDeploymentPostprocessing = 0;
		};
		551DEE66226327C600173DC2 /* Frameworks */ = {
			isa = PBXFrameworksBuildPhase;
			buildActionMask = 2147483647;
			files = (
			);
			runOnlyForDeploymentPostprocessing = 0;
		};
/* End PBXFrameworksBuildPhase section */

/* Begin PBXGroup section */
		551DEE4C226327C400173DC2 = {
			isa = PBXGroup;
			children = (
				551DEE57226327C400173DC2 /* ToDoTDD */,
				551DEE6C226327C600173DC2 /* ToDoTDDTests */,
				551DEE56226327C400173DC2 /* Products */,
			);
			sourceTree = "<group>";
		};
		551DEE56226327C400173DC2 /* Products */ = {
			isa = PBXGroup;
			children = (
				551DEE55226327C400173DC2 /* ToDoTDD.app */,
				551DEE69226327C600173DC2 /* ToDoTDDTests.xctest */,
			);
			name = Products;
			sourceTree = "<group>";
		};
		551DEE57226327C400173DC2 /* ToDoTDD */ = {
			isa = PBXGroup;
			children = (
				551DEE7E2263350300173DC2 /* Model */,
				551DEE58226327C400173DC2 /* AppDelegate.swift */,
				551DEE5C226327C400173DC2 /* Main.storyboard */,
				551DEE5F226327C600173DC2 /* Assets.xcassets */,
				551DEE61226327C600173DC2 /* LaunchScreen.storyboard */,
				551DEE64226327C600173DC2 /* Info.plist */,
				55F239DC22812D2D0042C283 /* ItemListViewController.swift */,
				55F239DE22814A270042C283 /* ItemListDataProvider.swift */,
			);
			path = ToDoTDD;
			sourceTree = "<group>";
		};
		551DEE6C226327C600173DC2 /* ToDoTDDTests */ = {
			isa = PBXGroup;
			children = (
				551DEE83226337B800173DC2 /* Model */,
				551DEE6F226327C600173DC2 /* Info.plist */,
				55F239DA22812CCA0042C283 /* ItemListViewControllerTests.swift */,
			);
			path = ToDoTDDTests;
			sourceTree = "<group>";
		};
		551DEE7E2263350300173DC2 /* Model */ = {
			isa = PBXGroup;
			children = (
				551DEE7C22632EE000173DC2 /* ToDoItem.swift */,
				551DEE812263351E00173DC2 /* Location.swift */,
				551DEE8A22633CA000173DC2 /* ItemManager.swift */,
			);
			path = Model;
			sourceTree = "<group>";
		};
		551DEE83226337B800173DC2 /* Model */ = {
			isa = PBXGroup;
			children = (
				551DEE84226337B800173DC2 /* ToDoItemTests.swift */,
				551DEE862263382D00173DC2 /* LocationTests.swift */,
				551DEE8822633B7300173DC2 /* ItemManagerTests.swift */,
			);
			path = Model;
			sourceTree = "<group>";
		};
/* End PBXGroup section */

/* Begin PBXNativeTarget section */
		551DEE54226327C400173DC2 /* ToDoTDD */ = {
			isa = PBXNativeTarget;
			buildConfigurationList = 551DEE72226327C600173DC2 /* Build configuration list for PBXNativeTarget "ToDoTDD" */;
			buildPhases = (
				551DEE51226327C400173DC2 /* Sources */,
				551DEE52226327C400173DC2 /* Frameworks */,
				551DEE53226327C400173DC2 /* Resources */,
			);
			buildRules = (
			);
			dependencies = (
			);
			name = ToDoTDD;
			productName = ToDoTDD;
			productReference = 551DEE55226327C400173DC2 /* ToDoTDD.app */;
			productType = "com.apple.product-type.application";
		};
		551DEE68226327C600173DC2 /* ToDoTDDTests */ = {
			isa = PBXNativeTarget;
			buildConfigurationList = 551DEE75226327C600173DC2 /* Build configuration list for PBXNativeTarget "ToDoTDDTests" */;
			buildPhases = (
				551DEE65226327C600173DC2 /* Sources */,
				551DEE66226327C600173DC2 /* Frameworks */,
				551DEE67226327C600173DC2 /* Resources */,
			);
			buildRules = (
			);
			dependencies = (
				551DEE6B226327C600173DC2 /* PBXTargetDependency */,
			);
			name = ToDoTDDTests;
			productName = ToDoTDDTests;
			productReference = 551DEE69226327C600173DC2 /* ToDoTDDTests.xctest */;
			productType = "com.apple.product-type.bundle.unit-test";
		};
/* End PBXNativeTarget section */

/* Begin PBXProject section */
		551DEE4D226327C400173DC2 /* Project object */ = {
			isa = PBXProject;
			attributes = {
				LastSwiftUpdateCheck = 1020;
				LastUpgradeCheck = 1020;
				ORGANIZATIONNAME = "Yuta Lin";
				TargetAttributes = {
					551DEE54226327C400173DC2 = {
						CreatedOnToolsVersion = 10.2;
					};
					551DEE68226327C600173DC2 = {
						CreatedOnToolsVersion = 10.2;
						TestTargetID = 551DEE54226327C400173DC2;
					};
				};
			};
			buildConfigurationList = 551DEE50226327C400173DC2 /* Build configuration list for PBXProject "ToDoTDD" */;
			compatibilityVersion = "Xcode 9.3";
			developmentRegion = en;
			hasScannedForEncodings = 0;
			knownRegions = (
				en,
				Base,
			);
			mainGroup = 551DEE4C226327C400173DC2;
			productRefGroup = 551DEE56226327C400173DC2 /* Products */;
			projectDirPath = "";
			projectRoot = "";
			targets = (
				551DEE54226327C400173DC2 /* ToDoTDD */,
				551DEE68226327C600173DC2 /* ToDoTDDTests */,
			);
		};
/* End PBXProject section */

/* Begin PBXResourcesBuildPhase section */
		551DEE53226327C400173DC2 /* Resources */ = {
			isa = PBXResourcesBuildPhase;
			buildActionMask = 2147483647;
			files = (
				551DEE63226327C600173DC2 /* LaunchScreen.storyboard in Resources */,
				551DEE60226327C600173DC2 /* Assets.xcassets in Resources */,
				551DEE5E226327C400173DC2 /* Main.storyboard in Resources */,
			);
			runOnlyForDeploymentPostprocessing = 0;
		};
		551DEE67226327C600173DC2 /* Resources */ = {
			isa = PBXResourcesBuildPhase;
			buildActionMask = 2147483647;
			files = (
			);
			runOnlyForDeploymentPostprocessing = 0;
		};
/* End PBXResourcesBuildPhase section */

/* Begin PBXSourcesBuildPhase section */
		551DEE51226327C400173DC2 /* Sources */ = {
			isa = PBXSourcesBuildPhase;
			buildActionMask = 2147483647;
			files = (
				551DEE8B22633CA000173DC2 /* ItemManager.swift in Sources */,
				55F239DF22814A270042C283 /* ItemListDataProvider.swift in Sources */,
				551DEE59226327C400173DC2 /* AppDelegate.swift in Sources */,
				551DEE822263351E00173DC2 /* Location.swift in Sources */,
				551DEE7D22632EE000173DC2 /* ToDoItem.swift in Sources */,
				55F239DD22812D2E0042C283 /* ItemListViewController.swift in Sources */,
			);
			runOnlyForDeploymentPostprocessing = 0;
		};
		551DEE65226327C600173DC2 /* Sources */ = {
			isa = PBXSourcesBuildPhase;
			buildActionMask = 2147483647;
			files = (
				551DEE8922633B7300173DC2 /* ItemManagerTests.swift in Sources */,
				551DEE872263382D00173DC2 /* LocationTests.swift in Sources */,
				551DEE85226337B800173DC2 /* ToDoItemTests.swift in Sources */,
				55F239DB22812CCA0042C283 /* ItemListViewControllerTests.swift in Sources */,
			);
			runOnlyForDeploymentPostprocessing = 0;
		};
/* End PBXSourcesBuildPhase section */

/* Begin PBXTargetDependency section */
		551DEE6B226327C600173DC2 /* PBXTargetDependency */ = {
			isa = PBXTargetDependency;
			target = 551DEE54226327C400173DC2 /* ToDoTDD */;
			targetProxy = 551DEE6A226327C600173DC2 /* PBXContainerItemProxy */;
		};
/* End PBXTargetDependency section */

/* Begin PBXVariantGroup section */
		551DEE5C226327C400173DC2 /* Main.storyboard */ = {
			isa = PBXVariantGroup;
			children = (
				551DEE5D226327C400173DC2 /* Base */,
			);
			name = Main.storyboard;
			sourceTree = "<group>";
		};
		551DEE61226327C600173DC2 /* LaunchScreen.storyboard */ = {
			isa = PBXVariantGroup;
			children = (
				551DEE62226327C600173DC2 /* Base */,
			);
			name = LaunchScreen.storyboard;
			sourceTree = "<group>";
		};
/* End PBXVariantGroup section */

/* Begin XCBuildConfiguration section */
		551DEE70226327C600173DC2 /* Debug */ = {
			isa = XCBuildConfiguration;
			buildSettings = {
				ALWAYS_SEARCH_USER_PATHS = NO;
				CLANG_ANALYZER_NONNULL = YES;
				CLANG_ANALYZER_NUMBER_OBJECT_CONVERSION = YES_AGGRESSIVE;
				CLANG_CXX_LANGUAGE_STANDARD = "gnu++14";
				CLANG_CXX_LIBRARY = "libc++";
				CLANG_ENABLE_MODULES = YES;
				CLANG_ENABLE_OBJC_ARC = YES;
				CLANG_ENABLE_OBJC_WEAK = YES;
				CLANG_WARN_BLOCK_CAPTURE_AUTORELEASING = YES;
				CLANG_WARN_BOOL_CONVERSION = YES;
				CLANG_WARN_COMMA = YES;
				CLANG_WARN_CONSTANT_CONVERSION = YES;
				CLANG_WARN_DEPRECATED_OBJC_IMPLEMENTATIONS = YES;
				CLANG_WARN_DIRECT_OBJC_ISA_USAGE = YES_ERROR;
				CLANG_WARN_DOCUMENTATION_COMMENTS = YES;
				CLANG_WARN_EMPTY_BODY = YES;
				CLANG_WARN_ENUM_CONVERSION = YES;
				CLANG_WARN_INFINITE_RECURSION = YES;
				CLANG_WARN_INT_CONVERSION = YES;
				CLANG_WARN_NON_LITERAL_NULL_CONVERSION = YES;
				CLANG_WARN_OBJC_IMPLICIT_RETAIN_SELF = YES;
				CLANG_WARN_OBJC_LITERAL_CONVERSION = YES;
				CLANG_WARN_OBJC_ROOT_CLASS = YES_ERROR;
				CLANG_WARN_RANGE_LOOP_ANALYSIS = YES;
				CLANG_WARN_STRICT_PROTOTYPES = YES;
				CLANG_WARN_SUSPICIOUS_MOVE = YES;
				CLANG_WARN_UNGUARDED_AVAILABILITY = YES_AGGRESSIVE;
				CLANG_WARN_UNREACHABLE_CODE = YES;
				CLANG_WARN__DUPLICATE_METHOD_MATCH = YES;
				CODE_SIGN_IDENTITY = "iPhone Developer";
				COPY_PHASE_STRIP = NO;
				DEBUG_INFORMATION_FORMAT = dwarf;
				ENABLE_STRICT_OBJC_MSGSEND = YES;
				ENABLE_TESTABILITY = YES;
				GCC_C_LANGUAGE_STANDARD = gnu11;
				GCC_DYNAMIC_NO_PIC = NO;
				GCC_NO_COMMON_BLOCKS = YES;
				GCC_OPTIMIZATION_LEVEL = 0;
				GCC_PREPROCESSOR_DEFINITIONS = (
					"DEBUG=1",
					"$(inherited)",
				);
				GCC_WARN_64_TO_32_BIT_CONVERSION = YES;
				GCC_WARN_ABOUT_RETURN_TYPE = YES_ERROR;
				GCC_WARN_UNDECLARED_SELECTOR = YES;
				GCC_WARN_UNINITIALIZED_AUTOS = YES_AGGRESSIVE;
				GCC_WARN_UNUSED_FUNCTION = YES;
				GCC_WARN_UNUSED_VARIABLE = YES;
				IPHONEOS_DEPLOYMENT_TARGET = 12.2;
				MTL_ENABLE_DEBUG_INFO = INCLUDE_SOURCE;
				MTL_FAST_MATH = YES;
				ONLY_ACTIVE_ARCH = YES;
				SDKROOT = iphoneos;
				SWIFT_ACTIVE_COMPILATION_CONDITIONS = DEBUG;
				SWIFT_OPTIMIZATION_LEVEL = "-Onone";
			};
			name = Debug;
		};
		551DEE71226327C600173DC2 /* Release */ = {
			isa = XCBuildConfiguration;
			buildSettings = {
				ALWAYS_SEARCH_USER_PATHS = NO;
				CLANG_ANALYZER_NONNULL = YES;
				CLANG_ANALYZER_NUMBER_OBJECT_CONVERSION = YES_AGGRESSIVE;
				CLANG_CXX_LANGUAGE_STANDARD = "gnu++14";
				CLANG_CXX_LIBRARY = "libc++";
				CLANG_ENABLE_MODULES = YES;
				CLANG_ENABLE_OBJC_ARC = YES;
				CLANG_ENABLE_OBJC_WEAK = YES;
				CLANG_WARN_BLOCK_CAPTURE_AUTORELEASING = YES;
				CLANG_WARN_BOOL_CONVERSION = YES;
				CLANG_WARN_COMMA = YES;
				CLANG_WARN_CONSTANT_CONVERSION = YES;
				CLANG_WARN_DEPRECATED_OBJC_IMPLEMENTATIONS = YES;
				CLANG_WARN_DIRECT_OBJC_ISA_USAGE = YES_ERROR;
				CLANG_WARN_DOCUMENTATION_COMMENTS = YES;
				CLANG_WARN_EMPTY_BODY = YES;
				CLANG_WARN_ENUM_CONVERSION = YES;
				CLANG_WARN_INFINITE_RECURSION = YES;
				CLANG_WARN_INT_CONVERSION = YES;
				CLANG_WARN_NON_LITERAL_NULL_CONVERSION = YES;
				CLANG_WARN_OBJC_IMPLICIT_RETAIN_SELF = YES;
				CLANG_WARN_OBJC_LITERAL_CONVERSION = YES;
				CLANG_WARN_OBJC_ROOT_CLASS = YES_ERROR;
				CLANG_WARN_RANGE_LOOP_ANALYSIS = YES;
				CLANG_WARN_STRICT_PROTOTYPES = YES;
				CLANG_WARN_SUSPICIOUS_MOVE = YES;
				CLANG_WARN_UNGUARDED_AVAILABILITY = YES_AGGRESSIVE;
				CLANG_WARN_UNREACHABLE_CODE = YES;
				CLANG_WARN__DUPLICATE_METHOD_MATCH = YES;
				CODE_SIGN_IDENTITY = "iPhone Developer";
				COPY_PHASE_STRIP = NO;
				DEBUG_INFORMATION_FORMAT = "dwarf-with-dsym";
				ENABLE_NS_ASSERTIONS = NO;
				ENABLE_STRICT_OBJC_MSGSEND = YES;
				GCC_C_LANGUAGE_STANDARD = gnu11;
				GCC_NO_COMMON_BLOCKS = YES;
				GCC_WARN_64_TO_32_BIT_CONVERSION = YES;
				GCC_WARN_ABOUT_RETURN_TYPE = YES_ERROR;
				GCC_WARN_UNDECLARED_SELECTOR = YES;
				GCC_WARN_UNINITIALIZED_AUTOS = YES_AGGRESSIVE;
				GCC_WARN_UNUSED_FUNCTION = YES;
				GCC_WARN_UNUSED_VARIABLE = YES;
				IPHONEOS_DEPLOYMENT_TARGET = 12.2;
				MTL_ENABLE_DEBUG_INFO = NO;
				MTL_FAST_MATH = YES;
				SDKROOT = iphoneos;
				SWIFT_COMPILATION_MODE = wholemodule;
				SWIFT_OPTIMIZATION_LEVEL = "-O";
				VALIDATE_PRODUCT = YES;
			};
			name = Release;
		};
		551DEE73226327C600173DC2 /* Debug */ = {
			isa = XCBuildConfiguration;
			buildSettings = {
				ASSETCATALOG_COMPILER_APPICON_NAME = AppIcon;
				CODE_SIGN_STYLE = Automatic;
				DEVELOPMENT_TEAM = BKZXYQ6438;
				INFOPLIST_FILE = ToDoTDD/Info.plist;
				LD_RUNPATH_SEARCH_PATHS = (
					"$(inherited)",
					"@executable_path/Frameworks",
				);
				PRODUCT_BUNDLE_IDENTIFIER = UTA.ToDoTDD;
				PRODUCT_NAME = "$(TARGET_NAME)";
				SWIFT_VERSION = 5.0;
				TARGETED_DEVICE_FAMILY = "1,2";
			};
			name = Debug;
		};
		551DEE74226327C600173DC2 /* Release */ = {
			isa = XCBuildConfiguration;
			buildSettings = {
				ASSETCATALOG_COMPILER_APPICON_NAME = AppIcon;
				CODE_SIGN_STYLE = Automatic;
				DEVELOPMENT_TEAM = BKZXYQ6438;
				INFOPLIST_FILE = ToDoTDD/Info.plist;
				LD_RUNPATH_SEARCH_PATHS = (
					"$(inherited)",
					"@executable_path/Frameworks",
				);
				PRODUCT_BUNDLE_IDENTIFIER = UTA.ToDoTDD;
				PRODUCT_NAME = "$(TARGET_NAME)";
				SWIFT_VERSION = 5.0;
				TARGETED_DEVICE_FAMILY = "1,2";
			};
			name = Release;
		};
		551DEE76226327C600173DC2 /* Debug */ = {
			isa = XCBuildConfiguration;
			buildSettings = {
				ALWAYS_EMBED_SWIFT_STANDARD_LIBRARIES = YES;
				BUNDLE_LOADER = "$(TEST_HOST)";
				CODE_SIGN_STYLE = Automatic;
				DEVELOPMENT_TEAM = BKZXYQ6438;
				INFOPLIST_FILE = ToDoTDDTests/Info.plist;
				LD_RUNPATH_SEARCH_PATHS = (
					"$(inherited)",
					"@executable_path/Frameworks",
					"@loader_path/Frameworks",
				);
				PRODUCT_BUNDLE_IDENTIFIER = UTA.ToDoTDDTests;
				PRODUCT_NAME = "$(TARGET_NAME)";
				SWIFT_VERSION = 5.0;
				TARGETED_DEVICE_FAMILY = "1,2";
				TEST_HOST = "$(BUILT_PRODUCTS_DIR)/ToDoTDD.app/ToDoTDD";
			};
			name = Debug;
		};
		551DEE77226327C600173DC2 /* Release */ = {
			isa = XCBuildConfiguration;
			buildSettings = {
				ALWAYS_EMBED_SWIFT_STANDARD_LIBRARIES = YES;
				BUNDLE_LOADER = "$(TEST_HOST)";
				CODE_SIGN_STYLE = Automatic;
				DEVELOPMENT_TEAM = BKZXYQ6438;
				INFOPLIST_FILE = ToDoTDDTests/Info.plist;
				LD_RUNPATH_SEARCH_PATHS = (
					"$(inherited)",
					"@executable_path/Frameworks",
					"@loader_path/Frameworks",
				);
				PRODUCT_BUNDLE_IDENTIFIER = UTA.ToDoTDDTests;
				PRODUCT_NAME = "$(TARGET_NAME)";
				SWIFT_VERSION = 5.0;
				TARGETED_DEVICE_FAMILY = "1,2";
				TEST_HOST = "$(BUILT_PRODUCTS_DIR)/ToDoTDD.app/ToDoTDD";
			};
			name = Release;
		};
/* End XCBuildConfiguration section */

/* Begin XCConfigurationList section */
		551DEE50226327C400173DC2 /* Build configuration list for PBXProject "ToDoTDD" */ = {
			isa = XCConfigurationList;
			buildConfigurations = (
				551DEE70226327C600173DC2 /* Debug */,
				551DEE71226327C600173DC2 /* Release */,
			);
			defaultConfigurationIsVisible = 0;
			defaultConfigurationName = Release;
		};
		551DEE72226327C600173DC2 /* Build configuration list for PBXNativeTarget "ToDoTDD" */ = {
			isa = XCConfigurationList;
			buildConfigurations = (
				551DEE73226327C600173DC2 /* Debug */,
				551DEE74226327C600173DC2 /* Release */,
			);
			defaultConfigurationIsVisible = 0;
			defaultConfigurationName = Release;
		};
		551DEE75226327C600173DC2 /* Build configuration list for PBXNativeTarget "ToDoTDDTests" */ = {
			isa = XCConfigurationList;
			buildConfigurations = (
				551DEE76226327C600173DC2 /* Debug */,
				551DEE77226327C600173DC2 /* Release */,
			);
			defaultConfigurationIsVisible = 0;
			defaultConfigurationName = Release;
		};
/* End XCConfigurationList section */
	};
	rootObject = 551DEE4D226327C400173DC2 /* Project object */;
}
